// !$*UTF8*$!
{
	archiveVersion = 1;
	classes = {
	};
	objectVersion = 46;
	objects = {

/* Begin PBXBuildFile section */
		04F52B951CFD480A00E8FD5F /* AppDelegate.swift in Sources */ = {isa = PBXBuildFile; fileRef = 04F52B941CFD480A00E8FD5F /* AppDelegate.swift */; };
		04F52B971CFD480A00E8FD5F /* ViewController.swift in Sources */ = {isa = PBXBuildFile; fileRef = 04F52B961CFD480A00E8FD5F /* ViewController.swift */; };
		04F52B9A1CFD480A00E8FD5F /* Main.storyboard in Resources */ = {isa = PBXBuildFile; fileRef = 04F52B981CFD480A00E8FD5F /* Main.storyboard */; };
		04F52B9C1CFD480A00E8FD5F /* Assets.xcassets in Resources */ = {isa = PBXBuildFile; fileRef = 04F52B9B1CFD480A00E8FD5F /* Assets.xcassets */; };
		04F52B9F1CFD480A00E8FD5F /* LaunchScreen.storyboard in Resources */ = {isa = PBXBuildFile; fileRef = 04F52B9D1CFD480A00E8FD5F /* LaunchScreen.storyboard */; };
/* End PBXBuildFile section */

/* Begin PBXFileReference section */
		04F52B911CFD480A00E8FD5F /* rangoNumeros.app */ = {isa = PBXFileReference; explicitFileType = wrapper.application; includeInIndex = 0; path = rangoNumeros.app; sourceTree = BUILT_PRODUCTS_DIR; };
		04F52B941CFD480A00E8FD5F /* AppDelegate.swift */ = {isa = PBXFileReference; lastKnownFileType = sourcecode.swift; path = AppDelegate.swift; sourceTree = "<group>"; };
		04F52B961CFD480A00E8FD5F /* ViewController.swift */ = {isa = PBXFileReference; lastKnownFileType = sourcecode.swift; path = ViewController.swift; sourceTree = "<group>"; };
		04F52B991CFD480A00E8FD5F /* Base */ = {isa = PBXFileReference; lastKnownFileType = file.storyboard; name = Base; path = Base.lproj/Main.storyboard; sourceTree = "<group>"; };
		04F52B9B1CFD480A00E8FD5F /* Assets.xcassets */ = {isa = PBXFileReference; lastKnownFileType = folder.assetcatalog; path = Assets.xcassets; sourceTree = "<group>"; };
		04F52B9E1CFD480A00E8FD5F /* Base */ = {isa = PBXFileReference; lastKnownFileType = file.storyboard; name = Base; path = Base.lproj/LaunchScreen.storyboard; sourceTree = "<group>"; };
		04F52BA01CFD480A00E8FD5F /* Info.plist */ = {isa = PBXFileReference; lastKnownFileType = text.plist.xml; path = Info.plist; sourceTree = "<group>"; };
/* End PBXFileReference section */

/* Begin PBXFrameworksBuildPhase section */
		04F52B8E1CFD480A00E8FD5F /* Frameworks */ = {
			isa = PBXFrameworksBuildPhase;
			buildActionMask = 2147483647;
			files = (
			);
			runOnlyForDeploymentPostprocessing = 0;
		};
/* End PBXFrameworksBuildPhase section */

/* Begin PBXGroup section */
		04F52B881CFD480A00E8FD5F = {
			isa = PBXGroup;
			children = (
				04F52B931CFD480A00E8FD5F /* rangoNumeros */,
				04F52B921CFD480A00E8FD5F /* Products */,
			);
			sourceTree = "<group>";
		};
		04F52B921CFD480A00E8FD5F /* Products */ = {
			isa = PBXGroup;
			children = (
				04F52B911CFD480A00E8FD5F /* rangoNumeros.app */,
			);
			name = Products;
			sourceTree = "<group>";
		};
		04F52B931CFD480A00E8FD5F /* rangoNumeros */ = {
			isa = PBXGroup;
			children = (
				04F52B941CFD480A00E8FD5F /* AppDelegate.swift */,
				04F52B961CFD480A00E8FD5F /* ViewController.swift */,
				04F52B981CFD480A00E8FD5F /* Main.storyboard */,
				04F52B9B1CFD480A00E8FD5F /* Assets.xcassets */,
				04F52B9D1CFD480A00E8FD5F /* LaunchScreen.storyboard */,
				04F52BA01CFD480A00E8FD5F /* Info.plist */,
			);
			path = rangoNumeros;
			sourceTree = "<group>";
		};
/* End PBXGroup section */

/* Begin PBXNativeTarget section */
		04F52B901CFD480A00E8FD5F /* rangoNumeros */ = {
			isa = PBXNativeTarget;
			buildConfigurationList = 04F52BA31CFD480A00E8FD5F /* Build configuration list for PBXNativeTarget "rangoNumeros" */;
			buildPhases = (
				04F52B8D1CFD480A00E8FD5F /* Sources */,
				04F52B8E1CFD480A00E8FD5F /* Frameworks */,
				04F52B8F1CFD480A00E8FD5F /* Resources */,
			);
			buildRules = (
			);
			dependencies = (
			);
			name = rangoNumeros;
			productName = rangoNumeros;
			productReference = 04F52B911CFD480A00E8FD5F /* rangoNumeros.app */;
			productType = "com.apple.product-type.application";
		};
/* End PBXNativeTarget section */

/* Begin PBXProject section */
		04F52B891CFD480A00E8FD5F /* Project object */ = {
			isa = PBXProject;
			attributes = {
				LastSwiftUpdateCheck = 0720;
				LastUpgradeCheck = 0720;
				ORGANIZATIONNAME = MCS;
				TargetAttributes = {
					04F52B901CFD480A00E8FD5F = {
						CreatedOnToolsVersion = 7.2.1;
					};
				};
			};
			buildConfigurationList = 04F52B8C1CFD480A00E8FD5F /* Build configuration list for PBXProject "rangoNumeros" */;
			compatibilityVersion = "Xcode 3.2";
			developmentRegion = English;
			hasScannedForEncodings = 0;
			knownRegions = (
				en,
				Base,
			);
			mainGroup = 04F52B881CFD480A00E8FD5F;
			productRefGroup = 04F52B921CFD480A00E8FD5F /* Products */;
			projectDirPath = "";
			projectRoot = "";
			targets = (
				04F52B901CFD480A00E8FD5F /* rangoNumeros */,
			);
		};
/* End PBXProject section */

/* Begin PBXResourcesBuildPhase section */
		04F52B8F1CFD480A00E8FD5F /* Resources */ = {
			isa = PBXResourcesBuildPhase;
			buildActionMask = 2147483647;
			files = (
				04F52B9F1CFD480A00E8FD5F /* LaunchScreen.storyboard in Resources */,
				04F52B9C1CFD480A00E8FD5F /* Assets.xcassets in Resources */,
				04F52B9A1CFD480A00E8FD5F /* Main.storyboard in Resources */,
			);
			runOnlyForDeploymentPostprocessing = 0;
		};
/* End PBXResourcesBuildPhase section */

/* Begin PBXSourcesBuildPhase section */
		04F52B8D1CFD480A00E8FD5F /* Sources */ = {
			isa = PBXSourcesBuildPhase;
			buildActionMask = 2147483647;
			files = (
				04F52B971CFD480A00E8FD5F /* ViewController.swift in Sources */,
				04F52B951CFD480A00E8FD5F /* AppDelegate.swift in Sources */,
			);
			runOnlyForDeploymentPostprocessing = 0;
		};
/* End PBXSourcesBuildPhase section */

/* Begin PBXVariantGroup section */
		04F52B981CFD480A00E8FD5F /* Main.storyboard */ = {
			isa = PBXVariantGroup;
			children = (
				04F52B991CFD480A00E8FD5F /* Base */,
			);
			name = Main.storyboard;
			sourceTree = "<group>";
		};
		04F52B9D1CFD480A00E8FD5F /* LaunchScreen.storyboard */ = {
			isa = PBXVariantGroup;
			children = (
				04F52B9E1CFD480A00E8FD5F /* Base */,
			);
			name = LaunchScreen.storyboard;
			sourceTree = "<group>";
		};
/* End PBXVariantGroup section */

/* Begin XCBuildConfiguration section */
		04F52BA11CFD480A00E8FD5F /* Debug */ = {
			isa = XCBuildConfiguration;
			buildSettings = {
				ALWAYS_SEARCH_USER_PATHS = NO;
				CLANG_CXX_LANGUAGE_STANDARD = "gnu++0x";
				CLANG_CXX_LIBRARY = "libc++";
				CLANG_ENABLE_MODULES = YES;
				CLANG_ENABLE_OBJC_ARC = YES;
				CLANG_WARN_BOOL_CONVERSION = YES;
				CLANG_WARN_CONSTANT_CONVERSION = YES;
				CLANG_WARN_DIRECT_OBJC_ISA_USAGE = YES_ERROR;
				CLANG_WARN_EMPTY_BODY = YES;
				CLANG_WARN_ENUM_CONVERSION = YES;
				CLANG_WARN_INT_CONVERSION = YES;
				CLANG_WARN_OBJC_ROOT_CLASS = YES_ERROR;
				CLANG_WARN_UNREACHABLE_CODE = YES;
				CLANG_WARN__DUPLICATE_METHOD_MATCH = YES;
				"CODE_SIGN_IDENTITY[sdk=iphoneos*]" = "iPhone Developer";
				COPY_PHASE_STRIP = NO;
				DEBUG_INFORMATION_FORMAT = dwarf;
				ENABLE_STRICT_OBJC_MSGSEND = YES;
				ENABLE_TESTABILITY = YES;
				GCC_C_LANGUAGE_STANDARD = gnu99;
				GCC_DYNAMIC_NO_PIC = NO;
				GCC_NO_COMMON_BLOCKS = YES;
				GCC_OPTIMIZATION_LEVEL = 0;
				GCC_PREPROCESSOR_DEFINITIONS = (
					"DEBUG=1",
					"$(inherited)",
				);
				GCC_WARN_64_TO_32_BIT_CONVERSION = YES;
				GCC_WARN_ABOUT_RETURN_TYPE = YES_ERROR;
				GCC_WARN_UNDECLARED_SELECTOR = YES;
				GCC_WARN_UNINITIALIZED_AUTOS = YES_AGGRESSIVE;
				GCC_WARN_UNUSED_FUNCTION = YES;
				GCC_WARN_UNUSED_VARIABLE = YES;
				IPHONEOS_DEPLOYMENT_TARGET = 9.2;
				MTL_ENABLE_DEBUG_INFO = YES;
				ONLY_ACTIVE_ARCH = YES;
				SDKROOT = iphoneos;
				SWIFT_OPTIMIZATION_LEVEL = "-Onone";
			};
			name = Debug;
		};
		04F52BA21CFD480A00E8FD5F /* Release */ = {
			isa = XCBuildConfiguration;
			buildSettings = {
				ALWAYS_SEARCH_USER_PATHS = NO;
				CLANG_CXX_LANGUAGE_STANDARD = "gnu++0x";
				CLANG_CXX_LIBRARY = "libc++";
				CLANG_ENABLE_MODULES = YES;
				CLANG_ENABLE_OBJC_ARC = YES;
				CLANG_WARN_BOOL_CONVERSION = YES;
				CLANG_WARN_CONSTANT_CONVERSION = YES;
				CLANG_WARN_DIRECT_OBJC_ISA_USAGE = YES_ERROR;
				CLANG_WARN_EMPTY_BODY = YES;
				CLANG_WARN_ENUM_CONVERSION = YES;
				CLANG_WARN_INT_CONVERSION = YES;
				CLANG_WARN_OBJC_ROOT_CLASS = YES_ERROR;
				CLANG_WARN_UNREACHABLE_CODE = YES;
				CLANG_WARN__DUPLICATE_METHOD_MATCH = YES;
				"CODE_SIGN_IDENTITY[sdk=iphoneos*]" = "iPhone Developer";
				COPY_PHASE_STRIP = NO;
				DEBUG_INFORMATION_FORMAT = "dwarf-with-dsym";
				ENABLE_NS_ASSERTIONS = NO;
				ENABLE_STRICT_OBJC_MSGSEND = YES;
				GCC_C_LANGUAGE_STANDARD = gnu99;
				GCC_NO_COMMON_BLOCKS = YES;
				GCC_WARN_64_TO_32_BIT_CONVERSION = YES;
				GCC_WARN_ABOUT_RETURN_TYPE = YES_ERROR;
				GCC_WARN_UNDECLARED_SELECTOR = YES;
				GCC_WARN_UNINITIALIZED_AUTOS = YES_AGGRESSIVE;
				GCC_WARN_UNUSED_FUNCTION = YES;
				GCC_WARN_UNUSED_VARIABLE = YES;
				IPHONEOS_DEPLOYMENT_TARGET = 9.2;
				MTL_ENABLE_DEBUG_INFO = NO;
				SDKROOT = iphoneos;
				VALIDATE_PRODUCT = YES;
			};
			name = Release;
		};
		04F52BA41CFD480A00E8FD5F /* Debug */ = {
			isa = XCBuildConfiguration;
			buildSettings = {
				ASSETCATALOG_COMPILER_APPICON_NAME = AppIcon;
				INFOPLIST_FILE = rangoNumeros/Info.plist;
				LD_RUNPATH_SEARCH_PATHS = "$(inherited) @executable_path/Frameworks";
				PRODUCT_BUNDLE_IDENTIFIER = com.mobileconsultingsolutions.rangoNumeros;
				PRODUCT_NAME = "$(TARGET_NAME)";
			};
			name = Debug;
		};
		04F52BA51CFD480A00E8FD5F /* Release */ = {
			isa = XCBuildConfiguration;
			buildSettings = {
				ASSETCATALOG_COMPILER_APPICON_NAME = AppIcon;
				INFOPLIST_FILE = rangoNumeros/Info.plist;
				LD_RUNPATH_SEARCH_PATHS = "$(inherited) @executable_path/Frameworks";
				PRODUCT_BUNDLE_IDENTIFIER = com.mobileconsultingsolutions.rangoNumeros;
				PRODUCT_NAME = "$(TARGET_NAME)";
			};
			name = Release;
		};
/* End XCBuildConfiguration section */

/* Begin XCConfigurationList section */
		04F52B8C1CFD480A00E8FD5F /* Build configuration list for PBXProject "rangoNumeros" */ = {
			isa = XCConfigurationList;
			buildConfigurations = (
				04F52BA11CFD480A00E8FD5F /* Debug */,
				04F52BA21CFD480A00E8FD5F /* Release */,
			);
			defaultConfigurationIsVisible = 0;
			defaultConfigurationName = Release;
		};
		04F52BA31CFD480A00E8FD5F /* Build configuration list for PBXNativeTarget "rangoNumeros" */ = {
			isa = XCConfigurationList;
			buildConfigurations = (
				04F52BA41CFD480A00E8FD5F /* Debug */,
				04F52BA51CFD480A00E8FD5F /* Release */,
			);
			defaultConfigurationIsVisible = 0;
		};
/* End XCConfigurationList section */
	};
	rootObject = 04F52B891CFD480A00E8FD5F /* Project object */;
}
